github.com/creack/goselect v0.1.1 h1:tiSSgKE1eJtxs1h/VgGQWuXUP0YS4CDIFMp6vaI1ls0=
github.com/creack/goselect v0.1.1/go.mod h1:a/NhLweNvqIYMuxcMOuWY516Cimucms3DglDzQP3hKY=
github.com/davecgh/go-spew v1.1.0 h1:ZDRjVQ15GmhC3fiQ8ni8+OwkZQO4DARzQgrnXU1Liz8=
github.com/davecgh/go-spew v1.1.0/go.mod h1:J7Y8YcW2NihsgmVo/mv3lAwl/skON4iLHjSsI+c5H38=
github.com/google/gousb v0.0.0-20190812193832-18f4c1d8a750 h1:DVKHLo3yE4psTjD9aM2pY7EHoicaQbgmaxxvvHC6ZSM=
github.com/google/gousb v0.0.0-20190812193832-18f4c1d8a750/go.mod h1:Tl4HdAs1ThE3gECkNwz+1MWicX6FXddhJEw7L8jRDiI=
github.com/gotmc/asrl v0.1.0 h1:JUTnZm+oO+dMzwTVuG+ID3UtCnRCgPQ5gP2zbwjPyNE=
github.com/gotmc/asrl v0.1.0/go.mod h1:2jTskASw+A5x5rSE0qNLcgMTGH/XRTJv0R+7Gf6zS+o=
github.com/gotmc/libusb v0.0.0-20191204152728-47e189886b84/go.mod h1:fa+kQZl2bW/pna0xryZpEE/ckwD8gqOWjNCewHGp+Aw=
github.com/gotmc/lxi v0.2.0 h1:AINk31UcOc/SH6k+zItxZoliB0liQ9LOJ9tAKGTiqdM=
github.com/gotmc/lxi v0.2.0/go.mod h1:d/o4QlGfE/LPU43MhP3oClmzS279FAHJgE3vTYT7D9U=
github.com/gotmc/usbtmc v0.2.0 h1:poCcGYIE0q4cVnyMfRTjiov3pPFqT6nOB22nsSix/4A=
github.com/gotmc/usbtmc v0.2.0/go.mod h1:EeeCRUfRBOUpI//UUOREZ5w3u6YWgBdibdyoUsJtmwE=
github.com/kylelemons/gousb v0.0.0-20170613091925-99e7ca4f0173/go.mod h1:5UsKSFw2EsQiNUwJoMuiSzUnh3sY7teV66+U230sgvk=
github.com/pmezard/go-difflib v1.0.0 h1:4DBwDE0NGyQoBHbLQYPwSUPoCMWR5BEzIk/f1lZbAQM=
github.com/pmezard/go-difflib v1.0.0/go.mod h1:iKH77koFhYxTK1pcRnkKkqfTogsbg7gZNVY4sRDYZ/4=
github.com/stretchr/objx v0.1.0/go.mod h1:HFkY916IF+rwdDfMAkV7OtwuqBVzrE8GR6GFx+wExME=
github.com/stretchr/testify v1.4.0 h1:2E4SXV/wtOkTonXsotYi4li6zVWxYlZuYNCXe9XRJyk=
github.com/stretchr/testify v1.4.0/go.mod h1:j7eGeouHqKxXV5pUuKE4zz7dFj8WfuZ+81PSLYec5m4=
github.com/truveris/gousb v0.0.0-20160420111257-a0cc1ba42182/go.mod h1:gc2Wm/Rg29CItw/rIDIdqyoTbz1cqAkAWgYFNrgWuu0=
go.bug.st/serial v1.1.1 h1:5J1DpaIaSIruBi7jVnKXnhRS+YQ9+2PLJMtIZKoIgnc=
go.bug.st/serial v1.1.1/go.mod h1:VmYBeyJWp5BnJ0tw2NUJHZdJTGl2ecBGABHlzRK1knY=
golang.org/x/sys v0.0.0-20200909081042-eff7692f9009 h1:W0lCpv29Hv0UaM1LXb9QlBHLNP8UFfcKjblhVCWftOM=
golang.org/x/sys v0.0.0-20200909081042-eff7692f9009/go.mod h1:h1NjWce9XRLGQEsW7wpKNCjG9DtNlClVuFLEZdDNbEs=
gopkg.in/check.v1 v0.0.0-20161208181325-20d25e280405 h1:yhCVgyC4o1eVCa2tZl7eS0r+SDo693bJlVdllGtEeKM=
gopkg.in/check.v1 v0.0.0-20161208181325-20d25e280405/go.mod h1:Co6ibVJAznAaIkqp8huTwlJQCZ016jof/cbN4VW5Yz0=
gopkg.in/yaml.v2 v2.2.2 h1:ZCJp+EgiOT7lHqUV2J862kp8Qj64Jo6az82+3Td9dZw=
gopkg.in/yaml.v2 v2.2.2/go.mod h1:hI93XBmqTisBFMUTm0b8Fm+jr3Dg1NNxqwp+5A1VGuI=
