github.com/creack/goselect v0.1.2 h1:2DNy14+JPjRBgPzAd1thbQp4BSIihxcBf0IXhQXDRa0=
github.com/creack/goselect v0.1.2/go.mod h1:a/NhLweNvqIYMuxcMOuWY516Cimucms3DglDzQP3hKY=
github.com/davecgh/go-spew v1.1.0 h1:ZDRjVQ15GmhC3fiQ8ni8+OwkZQO4DARzQgrnXU1Liz8=
github.com/google/gousb v0.0.0-20190812193832-18f4c1d8a750 h1:DVKHLo3yE4psTjD9aM2pY7EHoicaQbgmaxxvvHC6ZSM=
github.com/google/gousb v0.0.0-20190812193832-18f4c1d8a750/go.mod h1:Tl4HdAs1ThE3gECkNwz+1MWicX6FXddhJEw7L8jRDiI=
github.com/gotmc/asrl v0.3.0 h1:BE1nYVoEd90hDyLa58mZGmP6PX7cBtjfB3fd9kwLb1M=
github.com/gotmc/asrl v0.3.0/go.mod h1:Livjx/OWPdrWZiW/uJAb7OUjZTqLBwgTd+WFul3GCik=
github.com/gotmc/libusb/v2 v2.0.1/go.mod h1:9qqj9Qj2yH47LUzBuqcL/kK75ZX2t+ysJacKhyzDCvQ=
github.com/gotmc/lxi v0.3.1 h1:psYi5M84UwVtdXQQbBd9dD/DZeVQ/Djk/dTL+dxcHAY=
github.com/gotmc/lxi v0.3.1/go.mod h1:8GDWn47hAZb+jltFiAmH2ZZAWuIxYx6SR9uVjxL6zyA=
github.com/gotmc/usbtmc v0.6.1 h1:2xhLIJI0DqKJsvRKt+W16qbpS6JXjsXbRzIwFrNiPdo=
github.com/gotmc/usbtmc v0.6.1/go.mod h1:Yr5e+fy2ONuRD6/L1FhROEXpHZkVAAWJhfePCKyhbnA=
github.com/pmezard/go-difflib v1.0.0 h1:4DBwDE0NGyQoBHbLQYPwSUPoCMWR5BEzIk/f1lZbAQM=
github.com/stretchr/testify v1.7.0 h1:nwc3DEeHmmLAfoZucVR881uASk0Mfjw8xYJ99tb5CcY=
go.bug.st/serial v1.6.0 h1:mAbRGN4cKE2J5gMwsMHC2KQisdLRQssO9WSM+rbZJ8A=
go.bug.st/serial v1.6.0/go.mod h1:UABfsluHAiaNI+La2iESysd9Vetq7VRdpxvjx7CmmOE=
golang.org/x/sys v0.0.0-20220829200755-d48e67d00261 h1:v6hYoSR9T5oet+pMXwUWkbiVqx/63mlHjefrHmxwfeY=
golang.org/x/sys v0.0.0-20220829200755-d48e67d00261/go.mod h1:oPkhp1MJrh7nUepCBck5+mAzfO9JrbApNNgaTdGDITg=
gopkg.in/yaml.v3 v3.0.0-20200313102051-9f266ea9e77c h1:dUUwHk2QECo/6vqA44rthZ8ie2QXMNeKRTHCNY2nXvo=
